{
    "_meta": {
        "hash": {
            "sha256": "06c8cbe97d646cd084b91bda7c9514baab0ce22df269c0d869c99fe8d249b885"
        },
        "pipfile-spec": 6,
        "requires": {
            "python_version": "3.6"
        },
        "sources": [
            {
                "name": "pypi",
                "url": "https://pypi.python.org/simple",
                "verify_ssl": true
            }
        ]
    },
    "default": {},
    "develop": {
        "build-ext": {
            "editable": true,
            "path": "../build_ext"
        }
    }
}
